
Microsoft Visual Studio Solution File, Format Version 12.00
# Visual Studio 15
VisualStudioVersion = 15.0.27703.2042
MinimumVisualStudioVersion = 10.0.40219.1
Project("{FAE04EC0-301F-11D3-BF4B-00C04F79EFBC}") = "TeamDEV.Chatter.UI", "TeamDEV.Chatter.UI\TeamDEV.Chatter.UI.csproj", "{EAA16BF4-9EF2-4D95-8A9B-E5D6EF8CD273}"
EndProject
Project("{FAE04EC0-301F-11D3-BF4B-00C04F79EFBC}") = "TeamDEV.Chatter.Core", "TeamDEV.Chatter.Core\TeamDEV.Chatter.Core.csproj", "{7E1D489F-3C6A-4784-B693-B9D11FCD9346}"
EndProject
Global
	GlobalSection(SolutionConfigurationPlatforms) = preSolution
		Debug|Any CPU = Debug|Any CPU
		Release|Any CPU = Release|Any CPU
	EndGlobalSection
	GlobalSection(ProjectConfigurationPlatforms) = postSolution
		{EAA16BF4-9EF2-4D95-8A9B-E5D6EF8CD273}.Debug|Any CPU.ActiveCfg = Debug|Any CPU
		{EAA16BF4-9EF2-4D95-8A9B-E5D6EF8CD273}.Debug|Any CPU.Build.0 = Debug|Any CPU
		{EAA16BF4-9EF2-4D95-8A9B-E5D6EF8CD273}.Release|Any CPU.ActiveCfg = Release|Any CPU
		{EAA16BF4-9EF2-4D95-8A9B-E5D6EF8CD273}.Release|Any CPU.Build.0 = Release|Any CPU
		{7E1D489F-3C6A-4784-B693-B9D11FCD9346}.Debug|Any CPU.ActiveCfg = Debug|Any CPU
		{7E1D489F-3C6A-4784-B693-B9D11FCD9346}.Debug|Any CPU.Build.0 = Debug|Any CPU
		{7E1D489F-3C6A-4784-B693-B9D11FCD9346}.Release|Any CPU.ActiveCfg = Release|Any CPU
		{7E1D489F-3C6A-4784-B693-B9D11FCD9346}.Release|Any CPU.Build.0 = Release|Any CPU
	EndGlobalSection
	GlobalSection(SolutionProperties) = preSolution
		HideSolutionNode = FALSE
	EndGlobalSection
	GlobalSection(ExtensibilityGlobals) = postSolution
		SolutionGuid = {21E0ACE7-4A2E-4A8D-8D5C-9C1B406E5CE9}
	EndGlobalSection
EndGlobal
